{
  "object": {
    "pins": [
      {
        "package": "Stripe",
        "repositoryURL": "https://github.com/stripe/stripe-ios",
        "state": {
          "branch": null,
          "revision": "9df5f92bd54fbc62d83373ba9c5a5de3f4f68e9d",
          "version": "24.24.3"
        }
      }
    ]
  },
  "version": 1
}
