{
  "originHash" : "3a0630ca74ba1fae726a1fa82e0e4b8ac3ab913595800bd5b21db72a879bfc0f",
  "pins" : [
    {
      "identity" : "dcui-swift-schema",
      "kind" : "remoteSourceControl",
      "location" : "https://github.com/ROKT/dcui-swift-schema.git",
      "state" : {
        "revision" : "94e2913c91af7c9c49da0e86424f1e4d260a1b6c",
        "version" : "2.7.0"
      }
    }
  ],
  "version" : 3
}
