// !$*UTF8*$!
{
	archiveVersion = 1;
	classes = {
	};
	objectVersion = 60;
	objects = {

/* Begin PBXBuildFile section */
		B34E89512F7D84F3003A0ADE /* RoktUXHelper in Frameworks */ = {isa = PBXBuildFile; productRef = B34E89502F7D84F3003A0ADE /* RoktUXHelper */; };
		B81DDBF92CC9B28C00B3D090 /* HomeView.swift in Sources */ = {isa = PBXBuildFile; fileRef = B81DDBF82CC9B28C00B3D090 /* HomeView.swift */; };
		B81DDBFB2CC9B2A900B3D090 /* ButtonDefaultOutlined.swift in Sources */ = {isa = PBXBuildFile; fileRef = B81DDBFA2CC9B2A900B3D090 /* ButtonDefaultOutlined.swift */; };
		B81DDBFD2CC9B2C800B3D090 /* Font+Extensions.swift in Sources */ = {isa = PBXBuildFile; fileRef = B81DDBFC2CC9B2C800B3D090 /* Font+Extensions.swift */; };
		B81DDBFF2CC9B2DE00B3D090 /* Color+Extensions.swift in Sources */ = {isa = PBXBuildFile; fileRef = B81DDBFE2CC9B2DE00B3D090 /* Color+Extensions.swift */; };
		B8B9FFBF2CBF32F300C61F88 /* ExampleApp.swift in Sources */ = {isa = PBXBuildFile; fileRef = B8B9FFBE2CBF32F300C61F88 /* ExampleApp.swift */; };
		B8B9FFC82CBF32F400C61F88 /* Assets.xcassets in Resources */ = {isa = PBXBuildFile; fileRef = B8B9FFC72CBF32F400C61F88 /* Assets.xcassets */; };
		B8B9FFD62CBF3A3C00C61F88 /* experience.json in Resources */ = {isa = PBXBuildFile; fileRef = B8B9FFD52CBF3A3C00C61F88 /* experience.json */; };
		B8B9FFD92CBF3CA000C61F88 /* RoktUXHelper in Frameworks */ = {isa = PBXBuildFile; productRef = B8B9FFD82CBF3CA000C61F88 /* RoktUXHelper */; };
		B8C1F5B12CBF860E004EEF06 /* String+Extensions.swift in Sources */ = {isa = PBXBuildFile; fileRef = B8C1F5B02CBF860E004EEF06 /* String+Extensions.swift */; };
		B8C1F5B42CC07944004EEF06 /* SampleViewController.swift in Sources */ = {isa = PBXBuildFile; fileRef = B8C1F5B32CC07944004EEF06 /* SampleViewController.swift */; };
		B8C1F5B62CC07976004EEF06 /* SampleView.swift in Sources */ = {isa = PBXBuildFile; fileRef = B8C1F5B52CC07976004EEF06 /* SampleView.swift */; };
		B8C1F5B82CC0916F004EEF06 /* SampleViewModel.swift in Sources */ = {isa = PBXBuildFile; fileRef = B8C1F5B72CC0916F004EEF06 /* SampleViewModel.swift */; };
		B8E574E32CC0BB040055F798 /* SafariWebView.swift in Sources */ = {isa = PBXBuildFile; fileRef = B8E574E22CC0BB040055F798 /* SafariWebView.swift */; };
		B8E574E52CC0BB4D0055F798 /* URL+Extensions.swift in Sources */ = {isa = PBXBuildFile; fileRef = B8E574E42CC0BB4D0055F798 /* URL+Extensions.swift */; };
		B8F4FEDA2CBF577300287DA0 /* RoktUXHelper in Frameworks */ = {isa = PBXBuildFile; productRef = B8F4FED92CBF577300287DA0 /* RoktUXHelper */; };
/* End PBXBuildFile section */

/* Begin PBXFileReference section */
		B81DDBF82CC9B28C00B3D090 /* HomeView.swift */ = {isa = PBXFileReference; lastKnownFileType = sourcecode.swift; path = HomeView.swift; sourceTree = "<group>"; };
		B81DDBFA2CC9B2A900B3D090 /* ButtonDefaultOutlined.swift */ = {isa = PBXFileReference; lastKnownFileType = sourcecode.swift; path = ButtonDefaultOutlined.swift; sourceTree = "<group>"; };
		B81DDBFC2CC9B2C800B3D090 /* Font+Extensions.swift */ = {isa = PBXFileReference; lastKnownFileType = sourcecode.swift; path = "Font+Extensions.swift"; sourceTree = "<group>"; };
		B81DDBFE2CC9B2DE00B3D090 /* Color+Extensions.swift */ = {isa = PBXFileReference; lastKnownFileType = sourcecode.swift; path = "Color+Extensions.swift"; sourceTree = "<group>"; };
		B8B9FFBB2CBF32F300C61F88 /* Example.app */ = {isa = PBXFileReference; explicitFileType = wrapper.application; includeInIndex = 0; path = Example.app; sourceTree = BUILT_PRODUCTS_DIR; };
		B8B9FFBE2CBF32F300C61F88 /* ExampleApp.swift */ = {isa = PBXFileReference; lastKnownFileType = sourcecode.swift; path = ExampleApp.swift; sourceTree = "<group>"; };
		B8B9FFC72CBF32F400C61F88 /* Assets.xcassets */ = {isa = PBXFileReference; lastKnownFileType = folder.assetcatalog; path = Assets.xcassets; sourceTree = "<group>"; };
		B8B9FFCC2CBF32F400C61F88 /* Info.plist */ = {isa = PBXFileReference; lastKnownFileType = text.plist.xml; path = Info.plist; sourceTree = "<group>"; };
		B8B9FFD52CBF3A3C00C61F88 /* experience.json */ = {isa = PBXFileReference; lastKnownFileType = text.json; path = experience.json; sourceTree = "<group>"; };
		B8C1F5B02CBF860E004EEF06 /* String+Extensions.swift */ = {isa = PBXFileReference; lastKnownFileType = sourcecode.swift; path = "String+Extensions.swift"; sourceTree = "<group>"; };
		B8C1F5B32CC07944004EEF06 /* SampleViewController.swift */ = {isa = PBXFileReference; lastKnownFileType = sourcecode.swift; path = SampleViewController.swift; sourceTree = "<group>"; };
		B8C1F5B52CC07976004EEF06 /* SampleView.swift */ = {isa = PBXFileReference; lastKnownFileType = sourcecode.swift; path = SampleView.swift; sourceTree = "<group>"; };
		B8C1F5B72CC0916F004EEF06 /* SampleViewModel.swift */ = {isa = PBXFileReference; lastKnownFileType = sourcecode.swift; path = SampleViewModel.swift; sourceTree = "<group>"; };
		B8E574E22CC0BB040055F798 /* SafariWebView.swift */ = {isa = PBXFileReference; lastKnownFileType = sourcecode.swift; path = SafariWebView.swift; sourceTree = "<group>"; };
		B8E574E42CC0BB4D0055F798 /* URL+Extensions.swift */ = {isa = PBXFileReference; lastKnownFileType = sourcecode.swift; path = "URL+Extensions.swift"; sourceTree = "<group>"; };
/* End PBXFileReference section */

/* Begin PBXFrameworksBuildPhase section */
		B8B9FFB82CBF32F300C61F88 /* Frameworks */ = {
			isa = PBXFrameworksBuildPhase;
			buildActionMask = 2147483647;
			files = (
				B34E89512F7D84F3003A0ADE /* RoktUXHelper in Frameworks */,
				B8B9FFD92CBF3CA000C61F88 /* RoktUXHelper in Frameworks */,
				B8F4FEDA2CBF577300287DA0 /* RoktUXHelper in Frameworks */,
			);
			runOnlyForDeploymentPostprocessing = 0;
		};
/* End PBXFrameworksBuildPhase section */

/* Begin PBXGroup section */
		B8B9FFB22CBF32F300C61F88 = {
			isa = PBXGroup;
			children = (
				B8B9FFBD2CBF32F300C61F88 /* Example */,
				B8B9FFBC2CBF32F300C61F88 /* Products */,
				B8B9FFD72CBF3CA000C61F88 /* Frameworks */,
			);
			sourceTree = "<group>";
		};
		B8B9FFBC2CBF32F300C61F88 /* Products */ = {
			isa = PBXGroup;
			children = (
				B8B9FFBB2CBF32F300C61F88 /* Example.app */,
			);
			name = Products;
			sourceTree = "<group>";
		};
		B8B9FFBD2CBF32F300C61F88 /* Example */ = {
			isa = PBXGroup;
			children = (
				B8B9FFCC2CBF32F400C61F88 /* Info.plist */,
				B8B9FFBE2CBF32F300C61F88 /* ExampleApp.swift */,
				B81DDBF82CC9B28C00B3D090 /* HomeView.swift */,
				B8C1F5B32CC07944004EEF06 /* SampleViewController.swift */,
				B8C1F5B52CC07976004EEF06 /* SampleView.swift */,
				B8C1F5B72CC0916F004EEF06 /* SampleViewModel.swift */,
				B8E574E12CC0BAF70055F798 /* Utils */,
				B8B9FFD32CBF39FC00C61F88 /* Resources */,
			);
			path = Example;
			sourceTree = "<group>";
		};
		B8B9FFD32CBF39FC00C61F88 /* Resources */ = {
			isa = PBXGroup;
			children = (
				B8B9FFD52CBF3A3C00C61F88 /* experience.json */,
				B8B9FFC72CBF32F400C61F88 /* Assets.xcassets */,
			);
			path = Resources;
			sourceTree = "<group>";
		};
		B8B9FFD72CBF3CA000C61F88 /* Frameworks */ = {
			isa = PBXGroup;
			children = (
			);
			name = Frameworks;
			sourceTree = "<group>";
		};
		B8E574E12CC0BAF70055F798 /* Utils */ = {
			isa = PBXGroup;
			children = (
				B81DDBFA2CC9B2A900B3D090 /* ButtonDefaultOutlined.swift */,
				B8C1F5B02CBF860E004EEF06 /* String+Extensions.swift */,
				B81DDBFC2CC9B2C800B3D090 /* Font+Extensions.swift */,
				B81DDBFE2CC9B2DE00B3D090 /* Color+Extensions.swift */,
				B8E574E22CC0BB040055F798 /* SafariWebView.swift */,
				B8E574E42CC0BB4D0055F798 /* URL+Extensions.swift */,
			);
			path = Utils;
			sourceTree = "<group>";
		};
/* End PBXGroup section */

/* Begin PBXNativeTarget section */
		B8B9FFBA2CBF32F300C61F88 /* Example */ = {
			isa = PBXNativeTarget;
			buildConfigurationList = B8B9FFCF2CBF32F400C61F88 /* Build configuration list for PBXNativeTarget "Example" */;
			buildPhases = (
				B8B9FFB72CBF32F300C61F88 /* Sources */,
				B8B9FFB82CBF32F300C61F88 /* Frameworks */,
				B8B9FFB92CBF32F300C61F88 /* Resources */,
			);
			buildRules = (
			);
			dependencies = (
			);
			name = Example;
			packageProductDependencies = (
				B8B9FFD82CBF3CA000C61F88 /* RoktUXHelper */,
				B8F4FED92CBF577300287DA0 /* RoktUXHelper */,
				B34E89502F7D84F3003A0ADE /* RoktUXHelper */,
			);
			productName = Example;
			productReference = B8B9FFBB2CBF32F300C61F88 /* Example.app */;
			productType = "com.apple.product-type.application";
		};
/* End PBXNativeTarget section */

/* Begin PBXProject section */
		B8B9FFB32CBF32F300C61F88 /* Project object */ = {
			isa = PBXProject;
			attributes = {
				BuildIndependentTargetsInParallel = 1;
				LastSwiftUpdateCheck = 1540;
				LastUpgradeCheck = 1540;
				TargetAttributes = {
					B8B9FFBA2CBF32F300C61F88 = {
						CreatedOnToolsVersion = 15.4;
					};
				};
			};
			buildConfigurationList = B8B9FFB62CBF32F300C61F88 /* Build configuration list for PBXProject "Example" */;
			compatibilityVersion = "Xcode 14.0";
			developmentRegion = en;
			hasScannedForEncodings = 0;
			knownRegions = (
				en,
				Base,
			);
			mainGroup = B8B9FFB22CBF32F300C61F88;
			packageReferences = (
				B34E894F2F7D84F3003A0ADE /* XCLocalSwiftPackageReference ".." */,
			);
			productRefGroup = B8B9FFBC2CBF32F300C61F88 /* Products */;
			projectDirPath = "";
			projectRoot = "";
			targets = (
				B8B9FFBA2CBF32F300C61F88 /* Example */,
			);
		};
/* End PBXProject section */

/* Begin PBXResourcesBuildPhase section */
		B8B9FFB92CBF32F300C61F88 /* Resources */ = {
			isa = PBXResourcesBuildPhase;
			buildActionMask = 2147483647;
			files = (
				B8B9FFC82CBF32F400C61F88 /* Assets.xcassets in Resources */,
				B8B9FFD62CBF3A3C00C61F88 /* experience.json in Resources */,
			);
			runOnlyForDeploymentPostprocessing = 0;
		};
/* End PBXResourcesBuildPhase section */

/* Begin PBXSourcesBuildPhase section */
		B8B9FFB72CBF32F300C61F88 /* Sources */ = {
			isa = PBXSourcesBuildPhase;
			buildActionMask = 2147483647;
			files = (
				B8C1F5B62CC07976004EEF06 /* SampleView.swift in Sources */,
				B8C1F5B12CBF860E004EEF06 /* String+Extensions.swift in Sources */,
				B8C1F5B42CC07944004EEF06 /* SampleViewController.swift in Sources */,
				B81DDBF92CC9B28C00B3D090 /* HomeView.swift in Sources */,
				B81DDBFB2CC9B2A900B3D090 /* ButtonDefaultOutlined.swift in Sources */,
				B81DDBFD2CC9B2C800B3D090 /* Font+Extensions.swift in Sources */,
				B81DDBFF2CC9B2DE00B3D090 /* Color+Extensions.swift in Sources */,
				B8E574E52CC0BB4D0055F798 /* URL+Extensions.swift in Sources */,
				B8B9FFBF2CBF32F300C61F88 /* ExampleApp.swift in Sources */,
				B8E574E32CC0BB040055F798 /* SafariWebView.swift in Sources */,
				B8C1F5B82CC0916F004EEF06 /* SampleViewModel.swift in Sources */,
			);
			runOnlyForDeploymentPostprocessing = 0;
		};
/* End PBXSourcesBuildPhase section */

/* Begin XCBuildConfiguration section */
		B8B9FFCD2CBF32F400C61F88 /* Debug */ = {
			isa = XCBuildConfiguration;
			buildSettings = {
				ALWAYS_SEARCH_USER_PATHS = NO;
				ASSETCATALOG_COMPILER_GENERATE_SWIFT_ASSET_SYMBOL_EXTENSIONS = YES;
				CLANG_ANALYZER_NONNULL = YES;
				CLANG_ANALYZER_NUMBER_OBJECT_CONVERSION = YES_AGGRESSIVE;
				CLANG_CXX_LANGUAGE_STANDARD = "gnu++20";
				CLANG_ENABLE_MODULES = YES;
				CLANG_ENABLE_OBJC_ARC = YES;
				CLANG_ENABLE_OBJC_WEAK = YES;
				CLANG_WARN_BLOCK_CAPTURE_AUTORELEASING = YES;
				CLANG_WARN_BOOL_CONVERSION = YES;
				CLANG_WARN_COMMA = YES;
				CLANG_WARN_CONSTANT_CONVERSION = YES;
				CLANG_WARN_DEPRECATED_OBJC_IMPLEMENTATIONS = YES;
				CLANG_WARN_DIRECT_OBJC_ISA_USAGE = YES_ERROR;
				CLANG_WARN_DOCUMENTATION_COMMENTS = YES;
				CLANG_WARN_EMPTY_BODY = YES;
				CLANG_WARN_ENUM_CONVERSION = YES;
				CLANG_WARN_INFINITE_RECURSION = YES;
				CLANG_WARN_INT_CONVERSION = YES;
				CLANG_WARN_NON_LITERAL_NULL_CONVERSION = YES;
				CLANG_WARN_OBJC_IMPLICIT_RETAIN_SELF = YES;
				CLANG_WARN_OBJC_LITERAL_CONVERSION = YES;
				CLANG_WARN_OBJC_ROOT_CLASS = YES_ERROR;
				CLANG_WARN_QUOTED_INCLUDE_IN_FRAMEWORK_HEADER = YES;
				CLANG_WARN_RANGE_LOOP_ANALYSIS = YES;
				CLANG_WARN_STRICT_PROTOTYPES = YES;
				CLANG_WARN_SUSPICIOUS_MOVE = YES;
				CLANG_WARN_UNGUARDED_AVAILABILITY = YES_AGGRESSIVE;
				CLANG_WARN_UNREACHABLE_CODE = YES;
				CLANG_WARN__DUPLICATE_METHOD_MATCH = YES;
				COPY_PHASE_STRIP = NO;
				DEBUG_INFORMATION_FORMAT = dwarf;
				ENABLE_STRICT_OBJC_MSGSEND = YES;
				ENABLE_TESTABILITY = YES;
				ENABLE_USER_SCRIPT_SANDBOXING = YES;
				GCC_C_LANGUAGE_STANDARD = gnu17;
				GCC_DYNAMIC_NO_PIC = NO;
				GCC_NO_COMMON_BLOCKS = YES;
				GCC_OPTIMIZATION_LEVEL = 0;
				GCC_PREPROCESSOR_DEFINITIONS = (
					"DEBUG=1",
					"$(inherited)",
				);
				GCC_WARN_64_TO_32_BIT_CONVERSION = YES;
				GCC_WARN_ABOUT_RETURN_TYPE = YES_ERROR;
				GCC_WARN_UNDECLARED_SELECTOR = YES;
				GCC_WARN_UNINITIALIZED_AUTOS = YES_AGGRESSIVE;
				GCC_WARN_UNUSED_FUNCTION = YES;
				GCC_WARN_UNUSED_VARIABLE = YES;
				IPHONEOS_DEPLOYMENT_TARGET = 17.5;
				LOCALIZATION_PREFERS_STRING_CATALOGS = YES;
				MTL_ENABLE_DEBUG_INFO = INCLUDE_SOURCE;
				MTL_FAST_MATH = YES;
				ONLY_ACTIVE_ARCH = YES;
				SDKROOT = iphoneos;
				SWIFT_ACTIVE_COMPILATION_CONDITIONS = "DEBUG $(inherited)";
				SWIFT_OPTIMIZATION_LEVEL = "-Onone";
			};
			name = Debug;
		};
		B8B9FFCE2CBF32F400C61F88 /* Release */ = {
			isa = XCBuildConfiguration;
			buildSettings = {
				ALWAYS_SEARCH_USER_PATHS = NO;
				ASSETCATALOG_COMPILER_GENERATE_SWIFT_ASSET_SYMBOL_EXTENSIONS = YES;
				CLANG_ANALYZER_NONNULL = YES;
				CLANG_ANALYZER_NUMBER_OBJECT_CONVERSION = YES_AGGRESSIVE;
				CLANG_CXX_LANGUAGE_STANDARD = "gnu++20";
				CLANG_ENABLE_MODULES = YES;
				CLANG_ENABLE_OBJC_ARC = YES;
				CLANG_ENABLE_OBJC_WEAK = YES;
				CLANG_WARN_BLOCK_CAPTURE_AUTORELEASING = YES;
				CLANG_WARN_BOOL_CONVERSION = YES;
				CLANG_WARN_COMMA = YES;
				CLANG_WARN_CONSTANT_CONVERSION = YES;
				CLANG_WARN_DEPRECATED_OBJC_IMPLEMENTATIONS = YES;
				CLANG_WARN_DIRECT_OBJC_ISA_USAGE = YES_ERROR;
				CLANG_WARN_DOCUMENTATION_COMMENTS = YES;
				CLANG_WARN_EMPTY_BODY = YES;
				CLANG_WARN_ENUM_CONVERSION = YES;
				CLANG_WARN_INFINITE_RECURSION = YES;
				CLANG_WARN_INT_CONVERSION = YES;
				CLANG_WARN_NON_LITERAL_NULL_CONVERSION = YES;
				CLANG_WARN_OBJC_IMPLICIT_RETAIN_SELF = YES;
				CLANG_WARN_OBJC_LITERAL_CONVERSION = YES;
				CLANG_WARN_OBJC_ROOT_CLASS = YES_ERROR;
				CLANG_WARN_QUOTED_INCLUDE_IN_FRAMEWORK_HEADER = YES;
				CLANG_WARN_RANGE_LOOP_ANALYSIS = YES;
				CLANG_WARN_STRICT_PROTOTYPES = YES;
				CLANG_WARN_SUSPICIOUS_MOVE = YES;
				CLANG_WARN_UNGUARDED_AVAILABILITY = YES_AGGRESSIVE;
				CLANG_WARN_UNREACHABLE_CODE = YES;
				CLANG_WARN__DUPLICATE_METHOD_MATCH = YES;
				COPY_PHASE_STRIP = NO;
				DEBUG_INFORMATION_FORMAT = "dwarf-with-dsym";
				ENABLE_NS_ASSERTIONS = NO;
				ENABLE_STRICT_OBJC_MSGSEND = YES;
				ENABLE_USER_SCRIPT_SANDBOXING = YES;
				GCC_C_LANGUAGE_STANDARD = gnu17;
				GCC_NO_COMMON_BLOCKS = YES;
				GCC_WARN_64_TO_32_BIT_CONVERSION = YES;
				GCC_WARN_ABOUT_RETURN_TYPE = YES_ERROR;
				GCC_WARN_UNDECLARED_SELECTOR = YES;
				GCC_WARN_UNINITIALIZED_AUTOS = YES_AGGRESSIVE;
				GCC_WARN_UNUSED_FUNCTION = YES;
				GCC_WARN_UNUSED_VARIABLE = YES;
				IPHONEOS_DEPLOYMENT_TARGET = 17.5;
				LOCALIZATION_PREFERS_STRING_CATALOGS = YES;
				MTL_ENABLE_DEBUG_INFO = NO;
				MTL_FAST_MATH = YES;
				SDKROOT = iphoneos;
				SWIFT_COMPILATION_MODE = wholemodule;
				VALIDATE_PRODUCT = YES;
			};
			name = Release;
		};
		B8B9FFD02CBF32F400C61F88 /* Debug */ = {
			isa = XCBuildConfiguration;
			buildSettings = {
				ASSETCATALOG_COMPILER_APPICON_NAME = AppIcon;
				ASSETCATALOG_COMPILER_GLOBAL_ACCENT_COLOR_NAME = AccentColor;
				CODE_SIGN_IDENTITY = "Apple Development";
				CODE_SIGN_STYLE = Manual;
				CURRENT_PROJECT_VERSION = 1;
				DEVELOPMENT_TEAM = "";
				GENERATE_INFOPLIST_FILE = YES;
				INFOPLIST_FILE = Example/Info.plist;
				INFOPLIST_KEY_UIApplicationSupportsIndirectInputEvents = YES;
				INFOPLIST_KEY_UISupportedInterfaceOrientations_iPad = "UIInterfaceOrientationPortrait UIInterfaceOrientationPortraitUpsideDown UIInterfaceOrientationLandscapeLeft UIInterfaceOrientationLandscapeRight";
				INFOPLIST_KEY_UISupportedInterfaceOrientations_iPhone = "UIInterfaceOrientationPortrait UIInterfaceOrientationLandscapeLeft UIInterfaceOrientationLandscapeRight";
				IPHONEOS_DEPLOYMENT_TARGET = 15.0;
				LD_RUNPATH_SEARCH_PATHS = (
					"$(inherited)",
					"@executable_path/Frameworks",
				);
				MARKETING_VERSION = 1.0;
				PRODUCT_BUNDLE_IDENTIFIER = com.rokt.roktuxhelperdemo.Example;
				PRODUCT_NAME = "$(TARGET_NAME)";
				PROVISIONING_PROFILE_SPECIFIER = "";
				SWIFT_EMIT_LOC_STRINGS = YES;
				SWIFT_VERSION = 5.0;
				TARGETED_DEVICE_FAMILY = "1,2";
			};
			name = Debug;
		};
		B8B9FFD12CBF32F400C61F88 /* Release */ = {
			isa = XCBuildConfiguration;
			buildSettings = {
				ASSETCATALOG_COMPILER_APPICON_NAME = AppIcon;
				ASSETCATALOG_COMPILER_GLOBAL_ACCENT_COLOR_NAME = AccentColor;
				CODE_SIGN_IDENTITY = "Apple Development";
				CODE_SIGN_STYLE = Manual;
				CURRENT_PROJECT_VERSION = 1;
				DEVELOPMENT_TEAM = "";
				GENERATE_INFOPLIST_FILE = YES;
				INFOPLIST_FILE = Example/Info.plist;
				INFOPLIST_KEY_UIApplicationSupportsIndirectInputEvents = YES;
				INFOPLIST_KEY_UISupportedInterfaceOrientations_iPad = "UIInterfaceOrientationPortrait UIInterfaceOrientationPortraitUpsideDown UIInterfaceOrientationLandscapeLeft UIInterfaceOrientationLandscapeRight";
				INFOPLIST_KEY_UISupportedInterfaceOrientations_iPhone = "UIInterfaceOrientationPortrait UIInterfaceOrientationLandscapeLeft UIInterfaceOrientationLandscapeRight";
				IPHONEOS_DEPLOYMENT_TARGET = 15.0;
				LD_RUNPATH_SEARCH_PATHS = (
					"$(inherited)",
					"@executable_path/Frameworks",
				);
				MARKETING_VERSION = 1.0;
				PRODUCT_BUNDLE_IDENTIFIER = com.rokt.roktuxhelperdemo.Example;
				PRODUCT_NAME = "$(TARGET_NAME)";
				PROVISIONING_PROFILE_SPECIFIER = "";
				SWIFT_EMIT_LOC_STRINGS = YES;
				SWIFT_VERSION = 5.0;
				TARGETED_DEVICE_FAMILY = "1,2";
			};
			name = Release;
		};
/* End XCBuildConfiguration section */

/* Begin XCConfigurationList section */
		B8B9FFB62CBF32F300C61F88 /* Build configuration list for PBXProject "Example" */ = {
			isa = XCConfigurationList;
			buildConfigurations = (
				B8B9FFCD2CBF32F400C61F88 /* Debug */,
				B8B9FFCE2CBF32F400C61F88 /* Release */,
			);
			defaultConfigurationIsVisible = 0;
			defaultConfigurationName = Release;
		};
		B8B9FFCF2CBF32F400C61F88 /* Build configuration list for PBXNativeTarget "Example" */ = {
			isa = XCConfigurationList;
			buildConfigurations = (
				B8B9FFD02CBF32F400C61F88 /* Debug */,
				B8B9FFD12CBF32F400C61F88 /* Release */,
			);
			defaultConfigurationIsVisible = 0;
			defaultConfigurationName = Release;
		};
/* End XCConfigurationList section */

/* Begin XCLocalSwiftPackageReference section */
		B34E894F2F7D84F3003A0ADE /* XCLocalSwiftPackageReference ".." */ = {
			isa = XCLocalSwiftPackageReference;
			relativePath = "..";
		};
/* End XCLocalSwiftPackageReference section */

/* Begin XCSwiftPackageProductDependency section */
		B34E89502F7D84F3003A0ADE /* RoktUXHelper */ = {
			isa = XCSwiftPackageProductDependency;
			productName = RoktUXHelper;
		};
		B8B9FFD82CBF3CA000C61F88 /* RoktUXHelper */ = {
			isa = XCSwiftPackageProductDependency;
			productName = RoktUXHelper;
		};
		B8F4FED92CBF577300287DA0 /* RoktUXHelper */ = {
			isa = XCSwiftPackageProductDependency;
			productName = RoktUXHelper;
		};
/* End XCSwiftPackageProductDependency section */
	};
	rootObject = B8B9FFB32CBF32F300C61F88 /* Project object */;
}
